# THIS IS AN AUTOGENERATED FILE. DO NOT EDIT THIS FILE DIRECTLY.
# yarn lockfile v1


commander@~2.12.1:
  version "2.12.2"
  resolved "https://registry.yarnpkg.com/commander/-/commander-2.12.2.tgz#0f5946c427ed9ec0d91a46bb9def53e54650e555"

source-map@~0.6.1:
  version "0.6.1"
  resolved "https://registry.yarnpkg.com/source-map/-/source-map-0.6.1.tgz#74722af32e9614e9c287a8d0bbde48b5e2f1a263"

uglify-js@^3.3.3:
  version "3.3.3"
  resolved "https://registry.yarnpkg.com/uglify-js/-/uglify-js-3.3.3.tgz#66f9b57f7dda913ad9f48a21b12e4e7377fdaf40"
  dependencies:
    commander "~2.12.1"
    source-map "~0.6.1"
